
Microsoft Visual Studio Solution File, Format Version 12.00
# Visual Studio 15
Project("{FAE04EC0-301F-11D3-BF4B-00C04F79EFBC}") = "Model", "Model\Model.csproj", "{9ADD3F1C-CC07-42EE-8708-E8EEA0B5C761}"
EndProject
Project("{FAE04EC0-301F-11D3-BF4B-00C04F79EFBC}") = "Dal", "Dal\Dal.csproj", "{BE599123-E536-4BF8-88D0-FF509623DE55}"
EndProject
Project("{FAE04EC0-301F-11D3-BF4B-00C04F79EFBC}") = "tests", "tests\tests.csproj", "{DDB294CB-4524-4DA4-A0CA-6BE0EF94DB24}"
EndProject
Project("{FAE04EC0-301F-11D3-BF4B-00C04F79EFBC}") = "api", "api\api.csproj", "{4CE3079F-C870-4993-9747-5FB03A3B760B}"
EndProject
Project("{FAE04EC0-301F-11D3-BF4B-00C04F79EFBC}") = "DTO", "DTO\DTO.csproj", "{67C92C93-2D4C-4697-8AC3-4D8B448270C7}"
EndProject
Global
	GlobalSection(SolutionConfigurationPlatforms) = preSolution
		Debug|Any CPU = Debug|Any CPU
		Release|Any CPU = Release|Any CPU
	EndGlobalSection
	GlobalSection(ProjectConfigurationPlatforms) = postSolution
		{9ADD3F1C-CC07-42EE-8708-E8EEA0B5C761}.Debug|Any CPU.ActiveCfg = Debug|Any CPU
		{9ADD3F1C-CC07-42EE-8708-E8EEA0B5C761}.Debug|Any CPU.Build.0 = Debug|Any CPU
		{9ADD3F1C-CC07-42EE-8708-E8EEA0B5C761}.Release|Any CPU.ActiveCfg = Release|Any CPU
		{9ADD3F1C-CC07-42EE-8708-E8EEA0B5C761}.Release|Any CPU.Build.0 = Release|Any CPU
		{BE599123-E536-4BF8-88D0-FF509623DE55}.Debug|Any CPU.ActiveCfg = Debug|Any CPU
		{BE599123-E536-4BF8-88D0-FF509623DE55}.Debug|Any CPU.Build.0 = Debug|Any CPU
		{BE599123-E536-4BF8-88D0-FF509623DE55}.Release|Any CPU.ActiveCfg = Release|Any CPU
		{BE599123-E536-4BF8-88D0-FF509623DE55}.Release|Any CPU.Build.0 = Release|Any CPU
		{DDB294CB-4524-4DA4-A0CA-6BE0EF94DB24}.Debug|Any CPU.ActiveCfg = Debug|Any CPU
		{DDB294CB-4524-4DA4-A0CA-6BE0EF94DB24}.Debug|Any CPU.Build.0 = Debug|Any CPU
		{DDB294CB-4524-4DA4-A0CA-6BE0EF94DB24}.Release|Any CPU.ActiveCfg = Release|Any CPU
		{DDB294CB-4524-4DA4-A0CA-6BE0EF94DB24}.Release|Any CPU.Build.0 = Release|Any CPU
		{4CE3079F-C870-4993-9747-5FB03A3B760B}.Debug|Any CPU.ActiveCfg = Debug|Any CPU
		{4CE3079F-C870-4993-9747-5FB03A3B760B}.Debug|Any CPU.Build.0 = Debug|Any CPU
		{4CE3079F-C870-4993-9747-5FB03A3B760B}.Release|Any CPU.ActiveCfg = Release|Any CPU
		{4CE3079F-C870-4993-9747-5FB03A3B760B}.Release|Any CPU.Build.0 = Release|Any CPU
		{67C92C93-2D4C-4697-8AC3-4D8B448270C7}.Debug|Any CPU.ActiveCfg = Debug|Any CPU
		{67C92C93-2D4C-4697-8AC3-4D8B448270C7}.Debug|Any CPU.Build.0 = Debug|Any CPU
		{67C92C93-2D4C-4697-8AC3-4D8B448270C7}.Release|Any CPU.ActiveCfg = Release|Any CPU
		{67C92C93-2D4C-4697-8AC3-4D8B448270C7}.Release|Any CPU.Build.0 = Release|Any CPU
	EndGlobalSection
EndGlobal
